
Microsoft Visual Studio Solution File, Format Version 12.00
# Visual Studio 15
Project("{FAE04EC0-301F-11D3-BF4B-00C04F79EFBC}") = "memories", "Assembly-CSharp.csproj", "{C8DD113E-D487-F7A9-6C06-D654BB6EA53D}"
EndProject
Project("{FAE04EC0-301F-11D3-BF4B-00C04F79EFBC}") = "memories", "Assembly-CSharp-Editor.csproj", "{5F658A35-7EB8-1942-7BA0-2D23BA537930}"
EndProject
Global
	GlobalSection(SolutionConfigurationPlatforms) = preSolution
		Debug|Any CPU = Debug|Any CPU
		Release|Any CPU = Release|Any CPU
	EndGlobalSection
	GlobalSection(ProjectConfigurationPlatforms) = postSolution
		{C8DD113E-D487-F7A9-6C06-D654BB6EA53D}.Debug|Any CPU.ActiveCfg = Debug|Any CPU
		{C8DD113E-D487-F7A9-6C06-D654BB6EA53D}.Debug|Any CPU.Build.0 = Debug|Any CPU
		{C8DD113E-D487-F7A9-6C06-D654BB6EA53D}.Release|Any CPU.ActiveCfg = Release|Any CPU
		{C8DD113E-D487-F7A9-6C06-D654BB6EA53D}.Release|Any CPU.Build.0 = Release|Any CPU
		{5F658A35-7EB8-1942-7BA0-2D23BA537930}.Debug|Any CPU.ActiveCfg = Debug|Any CPU
		{5F658A35-7EB8-1942-7BA0-2D23BA537930}.Debug|Any CPU.Build.0 = Debug|Any CPU
		{5F658A35-7EB8-1942-7BA0-2D23BA537930}.Release|Any CPU.ActiveCfg = Release|Any CPU
		{5F658A35-7EB8-1942-7BA0-2D23BA537930}.Release|Any CPU.Build.0 = Release|Any CPU
	EndGlobalSection
	GlobalSection(SolutionProperties) = preSolution
		HideSolutionNode = FALSE
	EndGlobalSection
EndGlobal
